
Microsoft Visual Studio Solution File, Format Version 12.00
# Visual Studio Version 17
VisualStudioVersion = 17.14.36221.1
MinimumVisualStudioVersion = 10.0.40219.1
Project("{888888A0-9F3D-457C-B088-3A5042F75D52}") = "PyLern", "PyLern.pyproj", "{38AFFD16-7178-41BA-926C-771F9256F2CB}"
EndProject
Project("{888888A0-9F3D-457C-B088-3A5042F75D52}") = "LernGame", "..\LernGame\LernGame.pyproj", "{B978D6FC-0DC6-4E87-AB2C-64B34FAE5D50}"
EndProject
Project("{888888A0-9F3D-457C-B088-3A5042F75D52}") = "firefighting helicopter", "..\firefighting helicopter\firefighting helicopter.pyproj", "{995E1161-E951-4E2A-866F-E87E604ED73A}"
EndProject
Global
	GlobalSection(SolutionConfigurationPlatforms) = preSolution
		Debug|Any CPU = Debug|Any CPU
		Release|Any CPU = Release|Any CPU
	EndGlobalSection
	GlobalSection(ProjectConfigurationPlatforms) = postSolution
		{38AFFD16-7178-41BA-926C-771F9256F2CB}.Debug|Any CPU.ActiveCfg = Debug|Any CPU
		{38AFFD16-7178-41BA-926C-771F9256F2CB}.Release|Any CPU.ActiveCfg = Release|Any CPU
		{B978D6FC-0DC6-4E87-AB2C-64B34FAE5D50}.Debug|Any CPU.ActiveCfg = Debug|Any CPU
		{B978D6FC-0DC6-4E87-AB2C-64B34FAE5D50}.Release|Any CPU.ActiveCfg = Release|Any CPU
		{995E1161-E951-4E2A-866F-E87E604ED73A}.Debug|Any CPU.ActiveCfg = Debug|Any CPU
		{995E1161-E951-4E2A-866F-E87E604ED73A}.Release|Any CPU.ActiveCfg = Release|Any CPU
	EndGlobalSection
	GlobalSection(SolutionProperties) = preSolution
		HideSolutionNode = FALSE
	EndGlobalSection
	GlobalSection(ExtensibilityGlobals) = postSolution
		SolutionGuid = {D07EFFEC-D4DE-485E-AB58-D9A7884C4F88}
	EndGlobalSection
EndGlobal
